<?xml version="1.0" encoding="utf-8"?>
<Project ToolsVersion="4.0" xmlns="http://schemas.microsoft.com/developer/msbuild/2003">
  <ItemGroup>
    <Filter Include="Source Files">
      <UniqueIdentifier>{2ed0d09a-63f7-4de3-91a4-022d84aee87e}</UniqueIdentifier>
      <Extensions>cpp;c;cxx;rc;def;r;odl;idl;hpj;bat</Extensions>
    </Filter>
    <Filter Include="Header Files">
      <UniqueIdentifier>{9430f4bd-1ae7-4880-b7e5-ac0f5467c399}</UniqueIdentifier>
      <Extensions>h;hpp;hxx;hm;inl</Extensions>
    </Filter>
    <Filter Include="Resource Files">
      <UniqueIdentifier>{22dd026c-6d9a-4a30-af33-af7e925a81c6}</UniqueIdentifier>
      <Extensions>ico;cur;bmp;dlg;rc2;rct;bin;rgs;gif;jpg;jpeg;jpe</Extensions>
    </Filter>
  </ItemGroup>
  <ItemGroup>
    <ClCompile Include="AddGroupDlg.cpp">
      <Filter>Source Files</Filter>
    </ClCompile>
    <ClCompile Include="AutoRetryDlg.cpp">
      <Filter>Source Files</Filter>
    </ClCompile>
    <ClCompile Include="BitmapLabel.cpp">
      <Filter>Source Files</Filter>
    </ClCompile>
    <ClCompile Include="Common.cpp">
      <Filter>Source Files</Filter>
    </ClCompile>
    <ClCompile Include="DelayedPostingDlg.cpp">
      <Filter>Source Files</Filter>
    </ClCompile>
    <ClCompile Include="DeleteHistoryConfirmDlg.cpp">
      <Filter>Source Files</Filter>
    </ClCompile>
    <ClCompile Include="DeleteTaskDlg.cpp">
      <Filter>Source Files</Filter>
    </ClCompile>
    <ClCompile Include="EncoderThread.cpp">
      <Filter>Source Files</Filter>
    </ClCompile>
    <ClCompile Include="EncodingProgressDlg.cpp">
      <Filter>Source Files</Filter>
    </ClCompile>
    <ClCompile Include="HistoryDlg.cpp">
      <Filter>Source Files</Filter>
    </ClCompile>
    <ClCompile Include="MainFrm.cpp">
      <Filter>Source Files</Filter>
    </ClCompile>
    <ClCompile Include="mt19937ar.cpp">
      <Filter>Source Files</Filter>
    </ClCompile>
    <ClCompile Include="par2format.cpp">
      <Filter>Source Files</Filter>
    </ClCompile>
    <ClCompile Include="PosterThread.cpp">
      <Filter>Source Files</Filter>
    </ClCompile>
    <ClCompile Include="PostingProgressDlg.cpp">
      <Filter>Source Files</Filter>
    </ClCompile>
    <ClCompile Include="PostMost.cpp">
      <Filter>Source Files</Filter>
    </ClCompile>
    <ClCompile Include="PostMostDoc.cpp">
      <Filter>Source Files</Filter>
    </ClCompile>
    <ClCompile Include="PostMostPropertySheet.cpp">
      <Filter>Source Files</Filter>
    </ClCompile>
    <ClCompile Include="PostMostView.cpp">
      <Filter>Source Files</Filter>
    </ClCompile>
    <ClCompile Include="ProgramSettings.cpp">
      <Filter>Source Files</Filter>
    </ClCompile>
    <ClCompile Include="proppage_add_checksums.cpp">
      <Filter>Source Files</Filter>
    </ClCompile>
    <ClCompile Include="PropPage_Add_FileOrder.cpp">
      <Filter>Source Files</Filter>
    </ClCompile>
    <ClCompile Include="PropPage_Add_Groups.cpp">
      <Filter>Source Files</Filter>
    </ClCompile>
    <ClCompile Include="PropPage_Add_Recovery.cpp">
      <Filter>Source Files</Filter>
    </ClCompile>
    <ClCompile Include="PropPage_Add_Subject.cpp">
      <Filter>Source Files</Filter>
    </ClCompile>
    <ClCompile Include="PropPage_Add_TextPrefix.cpp">
      <Filter>Source Files</Filter>
    </ClCompile>
    <ClCompile Include="PropPage_Groups.cpp">
      <Filter>Source Files</Filter>
    </ClCompile>
    <ClCompile Include="PropPage_Headers.cpp">
      <Filter>Source Files</Filter>
    </ClCompile>
    <ClCompile Include="PropPage_ProgramSettings.cpp">
      <Filter>Source Files</Filter>
    </ClCompile>
    <ClCompile Include="PropPage_Server.cpp">
      <Filter>Source Files</Filter>
    </ClCompile>
    <ClCompile Include="SetMaxLinesDlg.cpp">
      <Filter>Source Files</Filter>
    </ClCompile>
    <ClCompile Include="SplashWindow.cpp">
      <Filter>Source Files</Filter>
    </ClCompile>
    <ClCompile Include="TaskObject.cpp">
      <Filter>Source Files</Filter>
    </ClCompile>
    <ClCompile Include="TaskProp_FileAndParts.cpp">
      <Filter>Source Files</Filter>
    </ClCompile>
    <ClCompile Include="TaskProp_Groups.cpp">
      <Filter>Source Files</Filter>
    </ClCompile>
    <ClCompile Include="TaskProp_Log.cpp">
      <Filter>Source Files</Filter>
    </ClCompile>
    <ClCompile Include="TaskProp_PrefixText.cpp">
      <Filter>Source Files</Filter>
    </ClCompile>
    <ClCompile Include="ThreadMarshal.cpp">
      <Filter>Source Files</Filter>
    </ClCompile>
  </ItemGroup>
  <ItemGroup>
    <ClInclude Include="AddGroupDlg.h">
      <Filter>Header Files</Filter>
    </ClInclude>
    <ClInclude Include="AutoRetryDlg.h">
      <Filter>Header Files</Filter>
    </ClInclude>
    <ClInclude Include="BitmapLabel.h">
      <Filter>Header Files</Filter>
    </ClInclude>
    <ClInclude Include="crc32table.h">
      <Filter>Header Files</Filter>
    </ClInclude>
    <ClInclude Include="DelayedPostingDlg.h">
      <Filter>Header Files</Filter>
    </ClInclude>
    <ClInclude Include="DeleteHistoryConfirmDlg.h">
      <Filter>Header Files</Filter>
    </ClInclude>
    <ClInclude Include="DeleteTaskDlg.h">
      <Filter>Header Files</Filter>
    </ClInclude>
    <ClInclude Include="EncoderThread.h">
      <Filter>Header Files</Filter>
    </ClInclude>
    <ClInclude Include="EncodingProgressDlg.h">
      <Filter>Header Files</Filter>
    </ClInclude>
    <ClInclude Include="HistoryDlg.h">
      <Filter>Header Files</Filter>
    </ClInclude>
    <ClInclude Include="MainFrm.h">
      <Filter>Header Files</Filter>
    </ClInclude>
    <ClInclude Include="par2format.h">
      <Filter>Header Files</Filter>
    </ClInclude>
    <ClInclude Include="PosterThread.h">
      <Filter>Header Files</Filter>
    </ClInclude>
    <ClInclude Include="PostingProgressDlg.h">
      <Filter>Header Files</Filter>
    </ClInclude>
    <ClInclude Include="PostMost.h">
      <Filter>Header Files</Filter>
    </ClInclude>
    <ClInclude Include="PostMostDoc.h">
      <Filter>Header Files</Filter>
    </ClInclude>
    <ClInclude Include="PostMostPropertySheet.h">
      <Filter>Header Files</Filter>
    </ClInclude>
    <ClInclude Include="PostMostView.h">
      <Filter>Header Files</Filter>
    </ClInclude>
    <ClInclude Include="ProgramSettings.h">
      <Filter>Header Files</Filter>
    </ClInclude>
    <ClInclude Include="proppage_add_checksums.h">
      <Filter>Header Files</Filter>
    </ClInclude>
    <ClInclude Include="PropPage_Add_FileOrder.h">
      <Filter>Header Files</Filter>
    </ClInclude>
    <ClInclude Include="PropPage_Add_Groups.h">
      <Filter>Header Files</Filter>
    </ClInclude>
    <ClInclude Include="PropPage_Add_Recovery.h">
      <Filter>Header Files</Filter>
    </ClInclude>
    <ClInclude Include="PropPage_Add_Subject.h">
      <Filter>Header Files</Filter>
    </ClInclude>
    <ClInclude Include="PropPage_Add_TextPrefix.h">
      <Filter>Header Files</Filter>
    </ClInclude>
    <ClInclude Include="PropPage_Groups.h">
      <Filter>Header Files</Filter>
    </ClInclude>
    <ClInclude Include="PropPage_Headers.h">
      <Filter>Header Files</Filter>
    </ClInclude>
    <ClInclude Include="PropPage_ProgramSettings.h">
      <Filter>Header Files</Filter>
    </ClInclude>
    <ClInclude Include="PropPage_Server.h">
      <Filter>Header Files</Filter>
    </ClInclude>
    <ClInclude Include="SetMaxLinesDlg.h">
      <Filter>Header Files</Filter>
    </ClInclude>
    <ClInclude Include="SplashWindow.h">
      <Filter>Header Files</Filter>
    </ClInclude>
    <ClInclude Include="StdAfx.h">
      <Filter>Header Files</Filter>
    </ClInclude>
    <ClInclude Include="TaskObject.h">
      <Filter>Header Files</Filter>
    </ClInclude>
    <ClInclude Include="TaskProp_FileAndParts.h">
      <Filter>Header Files</Filter>
    </ClInclude>
    <ClInclude Include="TaskProp_Groups.h">
      <Filter>Header Files</Filter>
    </ClInclude>
    <ClInclude Include="TaskProp_Log.h">
      <Filter>Header Files</Filter>
    </ClInclude>
    <ClInclude Include="TaskProp_PrefixText.h">
      <Filter>Header Files</Filter>
    </ClInclude>
    <ClInclude Include="ThreadMarshal.h">
      <Filter>Header Files</Filter>
    </ClInclude>
    <ClInclude Include="resource.h">
      <Filter>Header Files</Filter>
    </ClInclude>
  </ItemGroup>
  <ItemGroup>
    <None Include="res\bitmap1.bmp">
      <Filter>Resource Files</Filter>
    </None>
    <None Include="res\bmp00001.bmp">
      <Filter>Resource Files</Filter>
    </None>
    <None Include="res\bmp00002.bmp">
      <Filter>Resource Files</Filter>
    </None>
    <None Include="res\ERROR.ICO">
      <Filter>Resource Files</Filter>
    </None>
    <None Include="res\ico00001.ico">
      <Filter>Resource Files</Filter>
    </None>
    <None Include="res\ico00002.ico">
      <Filter>Resource Files</Filter>
    </None>
    <None Include="res\ico00003.ico">
      <Filter>Resource Files</Filter>
    </None>
    <None Include="res\icon1.ico">
      <Filter>Resource Files</Filter>
    </None>
    <None Include="res\logo.bmp">
      <Filter>Resource Files</Filter>
    </None>
    <None Include="res\PostMost.ico">
      <Filter>Resource Files</Filter>
    </None>
    <None Include="res\PostMostDoc.ico">
      <Filter>Resource Files</Filter>
    </None>
    <None Include="res\QUESTION.ICO">
      <Filter>Resource Files</Filter>
    </None>
    <None Include="Hist\Splash.bmp">
      <Filter>Resource Files</Filter>
    </None>
    <None Include="res\stopwatch.ico">
      <Filter>Resource Files</Filter>
    </None>
    <None Include="res\Toolbar.bmp">
      <Filter>Resource Files</Filter>
    </None>
    <None Include="res\toolbar1.bmp">
      <Filter>Resource Files</Filter>
    </None>
    <None Include="assert_readme.txt" />
    <None Include="original_source_readme.txt" />
    <None Include="yenc_source_readme.txt" />
    <None Include="res\ListIcons.bmp">
      <Filter>Resource Files</Filter>
    </None>
    <None Include="changelog_en_US.txt" />
    <None Include="readme.txt" />
    <None Include="res\PostMost.rc2">
      <Filter>Resource Files</Filter>
    </None>
  </ItemGroup>
  <ItemGroup>
    <ResourceCompile Include="PostMost.rc">
      <Filter>Source Files</Filter>
    </ResourceCompile>
  </ItemGroup>
</Project>